
Microsoft Visual Studio Solution File, Format Version 12.00
# Visual Studio Version 17
VisualStudioVersion = 17.6.33815.320
MinimumVisualStudioVersion = 10.0.40219.1
Project("{9A19103F-16F7-4668-BE54-9A1E7A4F7556}") = "SeleniumControlObjects", "SeleniumControlObjects\SeleniumControlObjects.csproj", "{BCEB005B-07F5-4930-96D2-D604AA39D9B8}"
EndProject
Project("{9A19103F-16F7-4668-BE54-9A1E7A4F7556}") = "SeleniumControlObjectTests", "SeleniumControlObjectsTests\SeleniumControlObjectTests.csproj", "{D5C57883-C696-4D0C-A4CD-4E719112FD0A}"
EndProject
Project("{9A19103F-16F7-4668-BE54-9A1E7A4F7556}") = "Html5Demo", "Html5Demo\Html5Demo.csproj", "{6B1D2326-1067-4F6C-8EF2-6053DB2BA633}"
EndProject
Global
	GlobalSection(SolutionConfigurationPlatforms) = preSolution
		Debug|Any CPU = Debug|Any CPU
		Release|Any CPU = Release|Any CPU
	EndGlobalSection
	GlobalSection(ProjectConfigurationPlatforms) = postSolution
		{BCEB005B-07F5-4930-96D2-D604AA39D9B8}.Debug|Any CPU.ActiveCfg = Debug|Any CPU
		{BCEB005B-07F5-4930-96D2-D604AA39D9B8}.Debug|Any CPU.Build.0 = Debug|Any CPU
		{BCEB005B-07F5-4930-96D2-D604AA39D9B8}.Release|Any CPU.ActiveCfg = Release|Any CPU
		{BCEB005B-07F5-4930-96D2-D604AA39D9B8}.Release|Any CPU.Build.0 = Release|Any CPU
		{D5C57883-C696-4D0C-A4CD-4E719112FD0A}.Debug|Any CPU.ActiveCfg = Debug|Any CPU
		{D5C57883-C696-4D0C-A4CD-4E719112FD0A}.Debug|Any CPU.Build.0 = Debug|Any CPU
		{D5C57883-C696-4D0C-A4CD-4E719112FD0A}.Release|Any CPU.ActiveCfg = Release|Any CPU
		{D5C57883-C696-4D0C-A4CD-4E719112FD0A}.Release|Any CPU.Build.0 = Release|Any CPU
		{6B1D2326-1067-4F6C-8EF2-6053DB2BA633}.Debug|Any CPU.ActiveCfg = Debug|Any CPU
		{6B1D2326-1067-4F6C-8EF2-6053DB2BA633}.Debug|Any CPU.Build.0 = Debug|Any CPU
		{6B1D2326-1067-4F6C-8EF2-6053DB2BA633}.Release|Any CPU.ActiveCfg = Release|Any CPU
		{6B1D2326-1067-4F6C-8EF2-6053DB2BA633}.Release|Any CPU.Build.0 = Release|Any CPU
	EndGlobalSection
	GlobalSection(SolutionProperties) = preSolution
		HideSolutionNode = FALSE
	EndGlobalSection
	GlobalSection(ExtensibilityGlobals) = postSolution
		SolutionGuid = {3744B675-25CC-43AE-A140-56F3AE30E88F}
	EndGlobalSection
EndGlobal
