
Microsoft Visual Studio Solution File, Format Version 12.00
# Visual Studio Version 17
VisualStudioVersion = 17.6.33815.320
MinimumVisualStudioVersion = 10.0.40219.1
Project("{FAE04EC0-301F-11D3-BF4B-00C04F79EFBC}") = "Cop.Selenium.ControlObjects.Html5", "Cop.Selenium.ControlObjects.Html5\Cop.Selenium.ControlObjects.Html5.csproj", "{E9E73B85-3A85-5132-144F-32A2541D5116}"
EndProject
Project("{FAE04EC0-301F-11D3-BF4B-00C04F79EFBC}") = "Cop.Selenium.ControlObjects.Html5.Tests", "Cop.Selenium.ControlObjects.Html5.Tests\Cop.Selenium.ControlObjects.Html5.Tests.csproj", "{94B254DD-9437-5432-0FA0-7BB7A860D6E5}"
EndProject
Project("{FAE04EC0-301F-11D3-BF4B-00C04F79EFBC}") = "Cop.Html5.Demo", "Cop.Html5.Demo\Cop.Html5.Demo.csproj", "{1AAE74A5-C67D-9B30-1A7C-99D370DB8FF1}"
EndProject
Global
	GlobalSection(SolutionConfigurationPlatforms) = preSolution
		Debug|Any CPU = Debug|Any CPU
		Release|Any CPU = Release|Any CPU
	EndGlobalSection
	GlobalSection(ProjectConfigurationPlatforms) = postSolution
		{E9E73B85-3A85-5132-144F-32A2541D5116}.Debug|Any CPU.ActiveCfg = Debug|Any CPU
		{E9E73B85-3A85-5132-144F-32A2541D5116}.Debug|Any CPU.Build.0 = Debug|Any CPU
		{E9E73B85-3A85-5132-144F-32A2541D5116}.Release|Any CPU.ActiveCfg = Release|Any CPU
		{E9E73B85-3A85-5132-144F-32A2541D5116}.Release|Any CPU.Build.0 = Release|Any CPU
		{94B254DD-9437-5432-0FA0-7BB7A860D6E5}.Debug|Any CPU.ActiveCfg = Debug|Any CPU
		{94B254DD-9437-5432-0FA0-7BB7A860D6E5}.Debug|Any CPU.Build.0 = Debug|Any CPU
		{94B254DD-9437-5432-0FA0-7BB7A860D6E5}.Release|Any CPU.ActiveCfg = Release|Any CPU
		{94B254DD-9437-5432-0FA0-7BB7A860D6E5}.Release|Any CPU.Build.0 = Release|Any CPU
		{1AAE74A5-C67D-9B30-1A7C-99D370DB8FF1}.Debug|Any CPU.ActiveCfg = Debug|Any CPU
		{1AAE74A5-C67D-9B30-1A7C-99D370DB8FF1}.Debug|Any CPU.Build.0 = Debug|Any CPU
		{1AAE74A5-C67D-9B30-1A7C-99D370DB8FF1}.Release|Any CPU.ActiveCfg = Release|Any CPU
		{1AAE74A5-C67D-9B30-1A7C-99D370DB8FF1}.Release|Any CPU.Build.0 = Release|Any CPU
	EndGlobalSection
	GlobalSection(SolutionProperties) = preSolution
		HideSolutionNode = FALSE
	EndGlobalSection
	GlobalSection(ExtensibilityGlobals) = postSolution
		SolutionGuid = {3744B675-25CC-43AE-A140-56F3AE30E88F}
	EndGlobalSection
EndGlobal
